// !$*UTF8*$!
{
	archiveVersion = 1;
	classes = {
	};
	objectVersion = 46;
	objects = {

/* Begin PBXBuildFile section */
		361DDEE21AEE447D00DE2CC3 /* AppDelegate.swift in Sources */ = {isa = PBXBuildFile; fileRef = 361DDEE11AEE447D00DE2CC3 /* AppDelegate.swift */; };
		361DDEE41AEE447D00DE2CC3 /* HomeViewController.swift in Sources */ = {isa = PBXBuildFile; fileRef = 361DDEE31AEE447D00DE2CC3 /* HomeViewController.swift */; };
		361DDEE71AEE447D00DE2CC3 /* Main.storyboard in Resources */ = {isa = PBXBuildFile; fileRef = 361DDEE51AEE447D00DE2CC3 /* Main.storyboard */; };
		361DDEE91AEE447D00DE2CC3 /* Images.xcassets in Resources */ = {isa = PBXBuildFile; fileRef = 361DDEE81AEE447D00DE2CC3 /* Images.xcassets */; };
		361DDEEC1AEE447D00DE2CC3 /* LaunchScreen.xib in Resources */ = {isa = PBXBuildFile; fileRef = 361DDEEA1AEE447D00DE2CC3 /* LaunchScreen.xib */; };
		361DDEF81AEE447E00DE2CC3 /* WallPaperTests.swift in Sources */ = {isa = PBXBuildFile; fileRef = 361DDEF71AEE447E00DE2CC3 /* WallPaperTests.swift */; };
		361DDF061AEE798C00DE2CC3 /* WPURLConstants.swift in Sources */ = {isa = PBXBuildFile; fileRef = 361DDF051AEE798C00DE2CC3 /* WPURLConstants.swift */; };
		36344CAC1AEE7F7300A330F7 /* WPNetWorkManager.swift in Sources */ = {isa = PBXBuildFile; fileRef = 36344CAB1AEE7F7300A330F7 /* WPNetWorkManager.swift */; };
		36344CAE1AEE7FA000A330F7 /* WPPinItem.swift in Sources */ = {isa = PBXBuildFile; fileRef = 36344CAD1AEE7FA000A330F7 /* WPPinItem.swift */; };
		36344CB01AEE7FB800A330F7 /* WPTagItem.swift in Sources */ = {isa = PBXBuildFile; fileRef = 36344CAF1AEE7FB700A330F7 /* WPTagItem.swift */; };
/* End PBXBuildFile section */

/* Begin PBXContainerItemProxy section */
		361DDEF21AEE447E00DE2CC3 /* PBXContainerItemProxy */ = {
			isa = PBXContainerItemProxy;
			containerPortal = 361DDED41AEE447D00DE2CC3 /* Project object */;
			proxyType = 1;
			remoteGlobalIDString = 361DDEDB1AEE447D00DE2CC3;
			remoteInfo = WallPaper;
		};
/* End PBXContainerItemProxy section */

/* Begin PBXFileReference section */
		361DDEDC1AEE447D00DE2CC3 /* WallPaper.app */ = {isa = PBXFileReference; explicitFileType = wrapper.application; includeInIndex = 0; path = WallPaper.app; sourceTree = BUILT_PRODUCTS_DIR; };
		361DDEE01AEE447D00DE2CC3 /* Info.plist */ = {isa = PBXFileReference; lastKnownFileType = text.plist.xml; path = Info.plist; sourceTree = "<group>"; };
		361DDEE11AEE447D00DE2CC3 /* AppDelegate.swift */ = {isa = PBXFileReference; lastKnownFileType = sourcecode.swift; path = AppDelegate.swift; sourceTree = "<group>"; };
		361DDEE31AEE447D00DE2CC3 /* HomeViewController.swift */ = {isa = PBXFileReference; lastKnownFileType = sourcecode.swift; path = HomeViewController.swift; sourceTree = "<group>"; };
		361DDEE61AEE447D00DE2CC3 /* Base */ = {isa = PBXFileReference; lastKnownFileType = file.storyboard; name = Base; path = Base.lproj/Main.storyboard; sourceTree = "<group>"; };
		361DDEE81AEE447D00DE2CC3 /* Images.xcassets */ = {isa = PBXFileReference; lastKnownFileType = folder.assetcatalog; path = Images.xcassets; sourceTree = "<group>"; };
		361DDEEB1AEE447D00DE2CC3 /* Base */ = {isa = PBXFileReference; lastKnownFileType = file.xib; name = Base; path = Base.lproj/LaunchScreen.xib; sourceTree = "<group>"; };
		361DDEF11AEE447E00DE2CC3 /* WallPaperTests.xctest */ = {isa = PBXFileReference; explicitFileType = wrapper.cfbundle; includeInIndex = 0; path = WallPaperTests.xctest; sourceTree = BUILT_PRODUCTS_DIR; };
		361DDEF61AEE447E00DE2CC3 /* Info.plist */ = {isa = PBXFileReference; lastKnownFileType = text.plist.xml; path = Info.plist; sourceTree = "<group>"; };
		361DDEF71AEE447E00DE2CC3 /* WallPaperTests.swift */ = {isa = PBXFileReference; lastKnownFileType = sourcecode.swift; path = WallPaperTests.swift; sourceTree = "<group>"; };
		361DDF051AEE798C00DE2CC3 /* WPURLConstants.swift */ = {isa = PBXFileReference; fileEncoding = 4; lastKnownFileType = sourcecode.swift; path = WPURLConstants.swift; sourceTree = "<group>"; };
		36344CAB1AEE7F7300A330F7 /* WPNetWorkManager.swift */ = {isa = PBXFileReference; fileEncoding = 4; lastKnownFileType = sourcecode.swift; path = WPNetWorkManager.swift; sourceTree = "<group>"; };
		36344CAD1AEE7FA000A330F7 /* WPPinItem.swift */ = {isa = PBXFileReference; fileEncoding = 4; lastKnownFileType = sourcecode.swift; path = WPPinItem.swift; sourceTree = "<group>"; };
		36344CAF1AEE7FB700A330F7 /* WPTagItem.swift */ = {isa = PBXFileReference; fileEncoding = 4; lastKnownFileType = sourcecode.swift; path = WPTagItem.swift; sourceTree = "<group>"; };
/* End PBXFileReference section */

/* Begin PBXFrameworksBuildPhase section */
		361DDED91AEE447D00DE2CC3 /* Frameworks */ = {
			isa = PBXFrameworksBuildPhase;
			buildActionMask = 2147483647;
			files = (
			);
			runOnlyForDeploymentPostprocessing = 0;
		};
		361DDEEE1AEE447E00DE2CC3 /* Frameworks */ = {
			isa = PBXFrameworksBuildPhase;
			buildActionMask = 2147483647;
			files = (
			);
			runOnlyForDeploymentPostprocessing = 0;
		};
/* End PBXFrameworksBuildPhase section */

/* Begin PBXGroup section */
		361DDED31AEE447D00DE2CC3 = {
			isa = PBXGroup;
			children = (
				361DDEDE1AEE447D00DE2CC3 /* WallPaper */,
				361DDEF41AEE447E00DE2CC3 /* WallPaperTests */,
				361DDEDD1AEE447D00DE2CC3 /* Products */,
			);
			sourceTree = "<group>";
		};
		361DDEDD1AEE447D00DE2CC3 /* Products */ = {
			isa = PBXGroup;
			children = (
				361DDEDC1AEE447D00DE2CC3 /* WallPaper.app */,
				361DDEF11AEE447E00DE2CC3 /* WallPaperTests.xctest */,
			);
			name = Products;
			sourceTree = "<group>";
		};
		361DDEDE1AEE447D00DE2CC3 /* WallPaper */ = {
			isa = PBXGroup;
			children = (
				361DDF0C1AEE7D4200DE2CC3 /* Model */,
				361DDEE11AEE447D00DE2CC3 /* AppDelegate.swift */,
				361DDEE31AEE447D00DE2CC3 /* HomeViewController.swift */,
				361DDF051AEE798C00DE2CC3 /* WPURLConstants.swift */,
				36344CAB1AEE7F7300A330F7 /* WPNetWorkManager.swift */,
				361DDEE51AEE447D00DE2CC3 /* Main.storyboard */,
				361DDEE81AEE447D00DE2CC3 /* Images.xcassets */,
				361DDEEA1AEE447D00DE2CC3 /* LaunchScreen.xib */,
				361DDEDF1AEE447D00DE2CC3 /* Supporting Files */,
			);
			path = WallPaper;
			sourceTree = "<group>";
		};
		361DDEDF1AEE447D00DE2CC3 /* Supporting Files */ = {
			isa = PBXGroup;
			children = (
				361DDEE01AEE447D00DE2CC3 /* Info.plist */,
			);
			name = "Supporting Files";
			sourceTree = "<group>";
		};
		361DDEF41AEE447E00DE2CC3 /* WallPaperTests */ = {
			isa = PBXGroup;
			children = (
				361DDEF71AEE447E00DE2CC3 /* WallPaperTests.swift */,
				361DDEF51AEE447E00DE2CC3 /* Supporting Files */,
			);
			path = WallPaperTests;
			sourceTree = "<group>";
		};
		361DDEF51AEE447E00DE2CC3 /* Supporting Files */ = {
			isa = PBXGroup;
			children = (
				361DDEF61AEE447E00DE2CC3 /* Info.plist */,
			);
			name = "Supporting Files";
			sourceTree = "<group>";
		};
		361DDF0C1AEE7D4200DE2CC3 /* Model */ = {
			isa = PBXGroup;
			children = (
				36344CAD1AEE7FA000A330F7 /* WPPinItem.swift */,
				36344CAF1AEE7FB700A330F7 /* WPTagItem.swift */,
			);
			path = Model;
			sourceTree = "<group>";
		};
/* End PBXGroup section */

/* Begin PBXNativeTarget section */
		361DDEDB1AEE447D00DE2CC3 /* WallPaper */ = {
			isa = PBXNativeTarget;
			buildConfigurationList = 361DDEFB1AEE447E00DE2CC3 /* Build configuration list for PBXNativeTarget "WallPaper" */;
			buildPhases = (
				361DDED81AEE447D00DE2CC3 /* Sources */,
				361DDED91AEE447D00DE2CC3 /* Frameworks */,
				361DDEDA1AEE447D00DE2CC3 /* Resources */,
			);
			buildRules = (
			);
			dependencies = (
			);
			name = WallPaper;
			productName = WallPaper;
			productReference = 361DDEDC1AEE447D00DE2CC3 /* WallPaper.app */;
			productType = "com.apple.product-type.application";
		};
		361DDEF01AEE447E00DE2CC3 /* WallPaperTests */ = {
			isa = PBXNativeTarget;
			buildConfigurationList = 361DDEFE1AEE447E00DE2CC3 /* Build configuration list for PBXNativeTarget "WallPaperTests" */;
			buildPhases = (
				361DDEED1AEE447E00DE2CC3 /* Sources */,
				361DDEEE1AEE447E00DE2CC3 /* Frameworks */,
				361DDEEF1AEE447E00DE2CC3 /* Resources */,
			);
			buildRules = (
			);
			dependencies = (
				361DDEF31AEE447E00DE2CC3 /* PBXTargetDependency */,
			);
			name = WallPaperTests;
			productName = WallPaperTests;
			productReference = 361DDEF11AEE447E00DE2CC3 /* WallPaperTests.xctest */;
			productType = "com.apple.product-type.bundle.unit-test";
		};
/* End PBXNativeTarget section */

/* Begin PBXProject section */
		361DDED41AEE447D00DE2CC3 /* Project object */ = {
			isa = PBXProject;
			attributes = {
				LastUpgradeCheck = 0610;
				ORGANIZATIONNAME = yutao;
				TargetAttributes = {
					361DDEDB1AEE447D00DE2CC3 = {
						CreatedOnToolsVersion = 6.1.1;
					};
					361DDEF01AEE447E00DE2CC3 = {
						CreatedOnToolsVersion = 6.1.1;
						TestTargetID = 361DDEDB1AEE447D00DE2CC3;
					};
				};
			};
			buildConfigurationList = 361DDED71AEE447D00DE2CC3 /* Build configuration list for PBXProject "WallPaper" */;
			compatibilityVersion = "Xcode 3.2";
			developmentRegion = English;
			hasScannedForEncodings = 0;
			knownRegions = (
				en,
				Base,
			);
			mainGroup = 361DDED31AEE447D00DE2CC3;
			productRefGroup = 361DDEDD1AEE447D00DE2CC3 /* Products */;
			projectDirPath = "";
			projectRoot = "";
			targets = (
				361DDEDB1AEE447D00DE2CC3 /* WallPaper */,
				361DDEF01AEE447E00DE2CC3 /* WallPaperTests */,
			);
		};
/* End PBXProject section */

/* Begin PBXResourcesBuildPhase section */
		361DDEDA1AEE447D00DE2CC3 /* Resources */ = {
			isa = PBXResourcesBuildPhase;
			buildActionMask = 2147483647;
			files = (
				361DDEE71AEE447D00DE2CC3 /* Main.storyboard in Resources */,
				361DDEEC1AEE447D00DE2CC3 /* LaunchScreen.xib in Resources */,
				361DDEE91AEE447D00DE2CC3 /* Images.xcassets in Resources */,
			);
			runOnlyForDeploymentPostprocessing = 0;
		};
		361DDEEF1AEE447E00DE2CC3 /* Resources */ = {
			isa = PBXResourcesBuildPhase;
			buildActionMask = 2147483647;
			files = (
			);
			runOnlyForDeploymentPostprocessing = 0;
		};
/* End PBXResourcesBuildPhase section */

/* Begin PBXSourcesBuildPhase section */
		361DDED81AEE447D00DE2CC3 /* Sources */ = {
			isa = PBXSourcesBuildPhase;
			buildActionMask = 2147483647;
			files = (
				36344CB01AEE7FB800A330F7 /* WPTagItem.swift in Sources */,
				361DDEE41AEE447D00DE2CC3 /* HomeViewController.swift in Sources */,
				361DDF061AEE798C00DE2CC3 /* WPURLConstants.swift in Sources */,
				361DDEE21AEE447D00DE2CC3 /* AppDelegate.swift in Sources */,
				36344CAC1AEE7F7300A330F7 /* WPNetWorkManager.swift in Sources */,
				36344CAE1AEE7FA000A330F7 /* WPPinItem.swift in Sources */,
			);
			runOnlyForDeploymentPostprocessing = 0;
		};
		361DDEED1AEE447E00DE2CC3 /* Sources */ = {
			isa = PBXSourcesBuildPhase;
			buildActionMask = 2147483647;
			files = (
				361DDEF81AEE447E00DE2CC3 /* WallPaperTests.swift in Sources */,
			);
			runOnlyForDeploymentPostprocessing = 0;
		};
/* End PBXSourcesBuildPhase section */

/* Begin PBXTargetDependency section */
		361DDEF31AEE447E00DE2CC3 /* PBXTargetDependency */ = {
			isa = PBXTargetDependency;
			target = 361DDEDB1AEE447D00DE2CC3 /* WallPaper */;
			targetProxy = 361DDEF21AEE447E00DE2CC3 /* PBXContainerItemProxy */;
		};
/* End PBXTargetDependency section */

/* Begin PBXVariantGroup section */
		361DDEE51AEE447D00DE2CC3 /* Main.storyboard */ = {
			isa = PBXVariantGroup;
			children = (
				361DDEE61AEE447D00DE2CC3 /* Base */,
			);
			name = Main.storyboard;
			sourceTree = "<group>";
		};
		361DDEEA1AEE447D00DE2CC3 /* LaunchScreen.xib */ = {
			isa = PBXVariantGroup;
			children = (
				361DDEEB1AEE447D00DE2CC3 /* Base */,
			);
			name = LaunchScreen.xib;
			sourceTree = "<group>";
		};
/* End PBXVariantGroup section */

/* Begin XCBuildConfiguration section */
		361DDEF91AEE447E00DE2CC3 /* Debug */ = {
			isa = XCBuildConfiguration;
			buildSettings = {
				ALWAYS_SEARCH_USER_PATHS = NO;
				CLANG_CXX_LANGUAGE_STANDARD = "gnu++0x";
				CLANG_CXX_LIBRARY = "libc++";
				CLANG_ENABLE_MODULES = YES;
				CLANG_ENABLE_OBJC_ARC = YES;
				CLANG_WARN_BOOL_CONVERSION = YES;
				CLANG_WARN_CONSTANT_CONVERSION = YES;
				CLANG_WARN_DIRECT_OBJC_ISA_USAGE = YES_ERROR;
				CLANG_WARN_EMPTY_BODY = YES;
				CLANG_WARN_ENUM_CONVERSION = YES;
				CLANG_WARN_INT_CONVERSION = YES;
				CLANG_WARN_OBJC_ROOT_CLASS = YES_ERROR;
				CLANG_WARN_UNREACHABLE_CODE = YES;
				CLANG_WARN__DUPLICATE_METHOD_MATCH = YES;
				"CODE_SIGN_IDENTITY[sdk=iphoneos*]" = "iPhone Developer";
				COPY_PHASE_STRIP = NO;
				ENABLE_STRICT_OBJC_MSGSEND = YES;
				GCC_C_LANGUAGE_STANDARD = gnu99;
				GCC_DYNAMIC_NO_PIC = NO;
				GCC_OPTIMIZATION_LEVEL = 0;
				GCC_PREPROCESSOR_DEFINITIONS = (
					"DEBUG=1",
					"$(inherited)",
				);
				GCC_SYMBOLS_PRIVATE_EXTERN = NO;
				GCC_WARN_64_TO_32_BIT_CONVERSION = YES;
				GCC_WARN_ABOUT_RETURN_TYPE = YES_ERROR;
				GCC_WARN_UNDECLARED_SELECTOR = YES;
				GCC_WARN_UNINITIALIZED_AUTOS = YES_AGGRESSIVE;
				GCC_WARN_UNUSED_FUNCTION = YES;
				GCC_WARN_UNUSED_VARIABLE = YES;
				IPHONEOS_DEPLOYMENT_TARGET = 8.1;
				MTL_ENABLE_DEBUG_INFO = YES;
				ONLY_ACTIVE_ARCH = YES;
				SDKROOT = iphoneos;
				SWIFT_OPTIMIZATION_LEVEL = "-Onone";
			};
			name = Debug;
		};
		361DDEFA1AEE447E00DE2CC3 /* Release */ = {
			isa = XCBuildConfiguration;
			buildSettings = {
				ALWAYS_SEARCH_USER_PATHS = NO;
				CLANG_CXX_LANGUAGE_STANDARD = "gnu++0x";
				CLANG_CXX_LIBRARY = "libc++";
				CLANG_ENABLE_MODULES = YES;
				CLANG_ENABLE_OBJC_ARC = YES;
				CLANG_WARN_BOOL_CONVERSION = YES;
				CLANG_WARN_CONSTANT_CONVERSION = YES;
				CLANG_WARN_DIRECT_OBJC_ISA_USAGE = YES_ERROR;
				CLANG_WARN_EMPTY_BODY = YES;
				CLANG_WARN_ENUM_CONVERSION = YES;
				CLANG_WARN_INT_CONVERSION = YES;
				CLANG_WARN_OBJC_ROOT_CLASS = YES_ERROR;
				CLANG_WARN_UNREACHABLE_CODE = YES;
				CLANG_WARN__DUPLICATE_METHOD_MATCH = YES;
				"CODE_SIGN_IDENTITY[sdk=iphoneos*]" = "iPhone Developer";
				COPY_PHASE_STRIP = YES;
				ENABLE_NS_ASSERTIONS = NO;
				ENABLE_STRICT_OBJC_MSGSEND = YES;
				GCC_C_LANGUAGE_STANDARD = gnu99;
				GCC_WARN_64_TO_32_BIT_CONVERSION = YES;
				GCC_WARN_ABOUT_RETURN_TYPE = YES_ERROR;
				GCC_WARN_UNDECLARED_SELECTOR = YES;
				GCC_WARN_UNINITIALIZED_AUTOS = YES_AGGRESSIVE;
				GCC_WARN_UNUSED_FUNCTION = YES;
				GCC_WARN_UNUSED_VARIABLE = YES;
				IPHONEOS_DEPLOYMENT_TARGET = 8.1;
				MTL_ENABLE_DEBUG_INFO = NO;
				SDKROOT = iphoneos;
				VALIDATE_PRODUCT = YES;
			};
			name = Release;
		};
		361DDEFC1AEE447E00DE2CC3 /* Debug */ = {
			isa = XCBuildConfiguration;
			buildSettings = {
				ASSETCATALOG_COMPILER_APPICON_NAME = AppIcon;
				INFOPLIST_FILE = WallPaper/Info.plist;
				IPHONEOS_DEPLOYMENT_TARGET = 8.1;
				LD_RUNPATH_SEARCH_PATHS = "$(inherited) @executable_path/Frameworks";
				PRODUCT_NAME = "$(TARGET_NAME)";
			};
			name = Debug;
		};
		361DDEFD1AEE447E00DE2CC3 /* Release */ = {
			isa = XCBuildConfiguration;
			buildSettings = {
				ASSETCATALOG_COMPILER_APPICON_NAME = AppIcon;
				INFOPLIST_FILE = WallPaper/Info.plist;
				IPHONEOS_DEPLOYMENT_TARGET = 8.1;
				LD_RUNPATH_SEARCH_PATHS = "$(inherited) @executable_path/Frameworks";
				PRODUCT_NAME = "$(TARGET_NAME)";
			};
			name = Release;
		};
		361DDEFF1AEE447E00DE2CC3 /* Debug */ = {
			isa = XCBuildConfiguration;
			buildSettings = {
				BUNDLE_LOADER = "$(TEST_HOST)";
				FRAMEWORK_SEARCH_PATHS = (
					"$(SDKROOT)/Developer/Library/Frameworks",
					"$(inherited)",
				);
				GCC_PREPROCESSOR_DEFINITIONS = (
					"DEBUG=1",
					"$(inherited)",
				);
				INFOPLIST_FILE = WallPaperTests/Info.plist;
				LD_RUNPATH_SEARCH_PATHS = "$(inherited) @executable_path/Frameworks @loader_path/Frameworks";
				PRODUCT_NAME = "$(TARGET_NAME)";
				TEST_HOST = "$(BUILT_PRODUCTS_DIR)/WallPaper.app/WallPaper";
			};
			name = Debug;
		};
		361DDF001AEE447E00DE2CC3 /* Release */ = {
			isa = XCBuildConfiguration;
			buildSettings = {
				BUNDLE_LOADER = "$(TEST_HOST)";
				FRAMEWORK_SEARCH_PATHS = (
					"$(SDKROOT)/Developer/Library/Frameworks",
					"$(inherited)",
				);
				INFOPLIST_FILE = WallPaperTests/Info.plist;
				LD_RUNPATH_SEARCH_PATHS = "$(inherited) @executable_path/Frameworks @loader_path/Frameworks";
				PRODUCT_NAME = "$(TARGET_NAME)";
				TEST_HOST = "$(BUILT_PRODUCTS_DIR)/WallPaper.app/WallPaper";
			};
			name = Release;
		};
/* End XCBuildConfiguration section */

/* Begin XCConfigurationList section */
		361DDED71AEE447D00DE2CC3 /* Build configuration list for PBXProject "WallPaper" */ = {
			isa = XCConfigurationList;
			buildConfigurations = (
				361DDEF91AEE447E00DE2CC3 /* Debug */,
				361DDEFA1AEE447E00DE2CC3 /* Release */,
			);
			defaultConfigurationIsVisible = 0;
			defaultConfigurationName = Release;
		};
		361DDEFB1AEE447E00DE2CC3 /* Build configuration list for PBXNativeTarget "WallPaper" */ = {
			isa = XCConfigurationList;
			buildConfigurations = (
				361DDEFC1AEE447E00DE2CC3 /* Debug */,
				361DDEFD1AEE447E00DE2CC3 /* Release */,
			);
			defaultConfigurationIsVisible = 0;
			defaultConfigurationName = Release;
		};
		361DDEFE1AEE447E00DE2CC3 /* Build configuration list for PBXNativeTarget "WallPaperTests" */ = {
			isa = XCConfigurationList;
			buildConfigurations = (
				361DDEFF1AEE447E00DE2CC3 /* Debug */,
				361DDF001AEE447E00DE2CC3 /* Release */,
			);
			defaultConfigurationIsVisible = 0;
			defaultConfigurationName = Release;
		};
/* End XCConfigurationList section */
	};
	rootObject = 361DDED41AEE447D00DE2CC3 /* Project object */;
}
